{
  "name": "ds-post-purchase-upsell",
  "version": "1.0.0",
  "lockfileVersion": 1,
  "requires": true,
  "dependencies": {
    "@remote-ui/core": {
      "version": "2.1.17",
      "resolved": "https://registry.npmjs.org/@remote-ui/core/-/core-2.1.17.tgz",
      "integrity": "sha512-zbvjNWhBZYIBCgIo1LCDZ/u4HX2+sfqLdekBxGO2B69uuAK8Xg733u8/kmusKa3zNbIqJumsh2fIXP/l3Bk0pg==",
      "requires": {
        "@remote-ui/rpc": "^1.3.6",
        "@remote-ui/types": "^1.1.3"
      }
    },
    "@remote-ui/rpc": {
      "version": "1.4.7",
      "resolved": "https://registry.npmjs.org/@remote-ui/rpc/-/rpc-1.4.7.tgz",
      "integrity": "sha512-ORiaKsbVBSEi3Z4YWOj5Ucrp70NrkNktI1hdqqfBW7Z3o0YoxTX9MIqtLmsc6721IbjmExvLrLip5I5Y7uAbng=="
    },
    "@remote-ui/types": {
      "version": "1.1.3",
      "resolved": "https://registry.npmjs.org/@remote-ui/types/-/types-1.1.3.tgz",
      "integrity": "sha512-P1kN1F3p0oMgnLN8Of1Ie9am3sLvJ7nhqHH1pvzkrxqjVwhhyPVZNcwOHyUNZPKp62izhDavdrcnqrdXzVJqGA=="
    },
    "@shopify/post-purchase-ui-extensions": {
      "version": "0.13.5",
      "resolved": "https://registry.npmjs.org/@shopify/post-purchase-ui-extensions/-/post-purchase-ui-extensions-0.13.5.tgz",
      "integrity": "sha512-sBDXAibVSQvSsr1uKx/OopA33ATdLZWimwmFEjch7oGh9vD1Rj01v4NbKgrC8RAoIjbn78+id1xRSbzFYqguag==",
      "requires": {
        "@remote-ui/core": "2.1.x"
      }
    }
  }
}
